
Microsoft Visual Studio Solution File, Format Version 12.00
# Visual Studio Version 16
VisualStudioVersion = 16.0.29326.143
MinimumVisualStudioVersion = 10.0.40219.1
Project("{FAE04EC0-301F-11D3-BF4B-00C04F79EFBC}") = "lOOP", "lOOP\lOOP.csproj", "{F49019D1-1F0C-480C-A9F3-9854231EAB9C}"
EndProject
Global
	GlobalSection(SolutionConfigurationPlatforms) = preSolution
		Debug|Any CPU = Debug|Any CPU
		Release|Any CPU = Release|Any CPU
	EndGlobalSection
	GlobalSection(ProjectConfigurationPlatforms) = postSolution
		{F49019D1-1F0C-480C-A9F3-9854231EAB9C}.Debug|Any CPU.ActiveCfg = Debug|Any CPU
		{F49019D1-1F0C-480C-A9F3-9854231EAB9C}.Debug|Any CPU.Build.0 = Debug|Any CPU
		{F49019D1-1F0C-480C-A9F3-9854231EAB9C}.Release|Any CPU.ActiveCfg = Release|Any CPU
		{F49019D1-1F0C-480C-A9F3-9854231EAB9C}.Release|Any CPU.Build.0 = Release|Any CPU
	EndGlobalSection
	GlobalSection(SolutionProperties) = preSolution
		HideSolutionNode = FALSE
	EndGlobalSection
	GlobalSection(ExtensibilityGlobals) = postSolution
		SolutionGuid = {36446FF1-71A1-4AEA-BEBE-987B3C32BF1D}
	EndGlobalSection
EndGlobal
